
Microsoft Visual Studio Solution File, Format Version 12.00
# Visual Studio 15
VisualStudioVersion = 15.0.26228.9
MinimumVisualStudioVersion = 10.0.40219.1
Project("{9A19103F-16F7-4668-BE54-9A1E7A4F7556}") = "kadmium-reaper-remote.WebAPI", "kadmium-reaper-remote.WebAPI\kadmium-reaper-remote.WebAPI.csproj", "{FAC7543E-E546-4198-8183-979DFF4CD4DC}"
EndProject
Global
	GlobalSection(SolutionConfigurationPlatforms) = preSolution
		Debug|Any CPU = Debug|Any CPU
		Release|Any CPU = Release|Any CPU
	EndGlobalSection
	GlobalSection(ProjectConfigurationPlatforms) = postSolution
		{FAC7543E-E546-4198-8183-979DFF4CD4DC}.Debug|Any CPU.ActiveCfg = Debug|Any CPU
		{FAC7543E-E546-4198-8183-979DFF4CD4DC}.Debug|Any CPU.Build.0 = Debug|Any CPU
		{FAC7543E-E546-4198-8183-979DFF4CD4DC}.Release|Any CPU.ActiveCfg = Release|Any CPU
		{FAC7543E-E546-4198-8183-979DFF4CD4DC}.Release|Any CPU.Build.0 = Release|Any CPU
	EndGlobalSection
	GlobalSection(SolutionProperties) = preSolution
		HideSolutionNode = FALSE
	EndGlobalSection
	GlobalSection(ExtensibilityGlobals) = postSolution
		SolutionGuid = {11F9500D-7891-4554-88AE-4067CA8EFBDF}
	EndGlobalSection
EndGlobal
